// !$*UTF8*$!
{
	archiveVersion = 1;
	classes = {
	};
	objectVersion = 46;
	objects = {

/* Begin PBXBuildFile section */
		F4EB5BCE1A9A73D500F0C04C /* base_cost_model.cpp in Sources */ = {isa = PBXBuildFile; fileRef = F4EB2F3F1A9A738500F0C04C /* base_cost_model.cpp */; };
		F4EB5BCF1A9A73D500F0C04C /* base_cost_model_config.cpp in Sources */ = {isa = PBXBuildFile; fileRef = F4EB2F411A9A738600F0C04C /* base_cost_model_config.cpp */; };
		F4EB5BD01A9A73D600F0C04C /* common.cpp in Sources */ = {isa = PBXBuildFile; fileRef = F4EB5B991A9A73C300F0C04C /* common.cpp */; };
		F4EB5BD11A9A73D600F0C04C /* image.cpp in Sources */ = {isa = PBXBuildFile; fileRef = F4EB5B9D1A9A73C600F0C04C /* image.cpp */; };
		F4EB5BD21A9A73D600F0C04C /* info_theory.cpp in Sources */ = {isa = PBXBuildFile; fileRef = F4EB5B9F1A9A73C700F0C04C /* info_theory.cpp */; };
		F4EB5BD31A9A73D600F0C04C /* mi_embedder.cpp in Sources */ = {isa = PBXBuildFile; fileRef = F4EB5BA21A9A73CA00F0C04C /* mi_embedder.cpp */; };
		F4EB5BD41A9A73D600F0C04C /* stc_embed_c.cpp in Sources */ = {isa = PBXBuildFile; fileRef = F4EB5BA51A9A73CC00F0C04C /* stc_embed_c.cpp */; };
		F4EB5BD51A9A73D600F0C04C /* stc_extract_c.cpp in Sources */ = {isa = PBXBuildFile; fileRef = F4EB5BA71A9A73CD00F0C04C /* stc_extract_c.cpp */; };
		F4EB5BD61A9A73D600F0C04C /* stc_ml_c.cpp in Sources */ = {isa = PBXBuildFile; fileRef = F4EB5BA91A9A73CF00F0C04C /* stc_ml_c.cpp */; };
		F4EB5BE61A9A73D600F0C04C /* cost_model.cpp in Sources */ = {isa = PBXBuildFile; fileRef = F4EB5BC31A9A73D200F0C04C /* cost_model.cpp */; };
		F4EB5BE71A9A73D600F0C04C /* cost_model_config.cpp in Sources */ = {isa = PBXBuildFile; fileRef = F4EB5BC51A9A73D200F0C04C /* cost_model_config.cpp */; };
		F4EB5BE81A9A73D600F0C04C /* HUGO_like.cpp in Sources */ = {isa = PBXBuildFile; fileRef = F4EB5BC71A9A73D200F0C04C /* HUGO_like.cpp */; };
		F4EB5BE91A9A73D600F0C04C /* HUGO_like_matlab.cpp in Sources */ = {isa = PBXBuildFile; fileRef = F4EB5BC81A9A73D200F0C04C /* HUGO_like_matlab.cpp */; };
/* End PBXBuildFile section */

/* Begin PBXCopyFilesBuildPhase section */
		F4EBF9681A9A729700F0C04C /* CopyFiles */ = {
			isa = PBXCopyFilesBuildPhase;
			buildActionMask = 2147483647;
			dstPath = /usr/share/man/man1/;
			dstSubfolderSpec = 0;
			files = (
			);
			runOnlyForDeploymentPostprocessing = 1;
		};
/* End PBXCopyFilesBuildPhase section */

/* Begin PBXFileReference section */
		F4EB2F3F1A9A738500F0C04C /* base_cost_model.cpp */ = {isa = PBXFileReference; fileEncoding = 4; lastKnownFileType = sourcecode.cpp.cpp; path = base_cost_model.cpp; sourceTree = "<group>"; };
		F4EB2F401A9A738600F0C04C /* base_cost_model.h */ = {isa = PBXFileReference; fileEncoding = 4; lastKnownFileType = sourcecode.c.h; path = base_cost_model.h; sourceTree = "<group>"; };
		F4EB2F411A9A738600F0C04C /* base_cost_model_config.cpp */ = {isa = PBXFileReference; fileEncoding = 4; lastKnownFileType = sourcecode.cpp.cpp; path = base_cost_model_config.cpp; sourceTree = "<group>"; };
		F4EB2F421A9A738600F0C04C /* base_cost_model_config.h */ = {isa = PBXFileReference; fileEncoding = 4; lastKnownFileType = sourcecode.c.h; path = base_cost_model_config.h; sourceTree = "<group>"; };
		F4EB5B991A9A73C300F0C04C /* common.cpp */ = {isa = PBXFileReference; fileEncoding = 4; lastKnownFileType = sourcecode.cpp.cpp; path = common.cpp; sourceTree = "<group>"; };
		F4EB5B9A1A9A73C400F0C04C /* common.h */ = {isa = PBXFileReference; fileEncoding = 4; lastKnownFileType = sourcecode.c.h; path = common.h; sourceTree = "<group>"; };
		F4EB5B9B1A9A73C500F0C04C /* exception.hpp */ = {isa = PBXFileReference; fileEncoding = 4; lastKnownFileType = sourcecode.cpp.h; path = exception.hpp; sourceTree = "<group>"; };
		F4EB5B9C1A9A73C500F0C04C /* fast_math.h */ = {isa = PBXFileReference; fileEncoding = 4; lastKnownFileType = sourcecode.c.h; path = fast_math.h; sourceTree = "<group>"; };
		F4EB5B9D1A9A73C600F0C04C /* image.cpp */ = {isa = PBXFileReference; fileEncoding = 4; lastKnownFileType = sourcecode.cpp.cpp; path = image.cpp; sourceTree = "<group>"; };
		F4EB5B9E1A9A73C700F0C04C /* image.h */ = {isa = PBXFileReference; fileEncoding = 4; lastKnownFileType = sourcecode.c.h; path = image.h; sourceTree = "<group>"; };
		F4EB5B9F1A9A73C700F0C04C /* info_theory.cpp */ = {isa = PBXFileReference; fileEncoding = 4; lastKnownFileType = sourcecode.cpp.cpp; path = info_theory.cpp; sourceTree = "<group>"; };
		F4EB5BA01A9A73C800F0C04C /* info_theory.h */ = {isa = PBXFileReference; fileEncoding = 4; lastKnownFileType = sourcecode.c.h; path = info_theory.h; sourceTree = "<group>"; };
		F4EB5BA11A9A73C900F0C04C /* mat2D.h */ = {isa = PBXFileReference; fileEncoding = 4; lastKnownFileType = sourcecode.c.h; path = mat2D.h; sourceTree = "<group>"; };
		F4EB5BA21A9A73CA00F0C04C /* mi_embedder.cpp */ = {isa = PBXFileReference; fileEncoding = 4; lastKnownFileType = sourcecode.cpp.cpp; path = mi_embedder.cpp; sourceTree = "<group>"; };
		F4EB5BA31A9A73CB00F0C04C /* mi_embedder.h */ = {isa = PBXFileReference; fileEncoding = 4; lastKnownFileType = sourcecode.c.h; path = mi_embedder.h; sourceTree = "<group>"; };
		F4EB5BA41A9A73CB00F0C04C /* sse_mathfun.h */ = {isa = PBXFileReference; fileEncoding = 4; lastKnownFileType = sourcecode.c.h; path = sse_mathfun.h; sourceTree = "<group>"; };
		F4EB5BA51A9A73CC00F0C04C /* stc_embed_c.cpp */ = {isa = PBXFileReference; fileEncoding = 4; lastKnownFileType = sourcecode.cpp.cpp; path = stc_embed_c.cpp; sourceTree = "<group>"; };
		F4EB5BA61A9A73CD00F0C04C /* stc_embed_c.h */ = {isa = PBXFileReference; fileEncoding = 4; lastKnownFileType = sourcecode.c.h; path = stc_embed_c.h; sourceTree = "<group>"; };
		F4EB5BA71A9A73CD00F0C04C /* stc_extract_c.cpp */ = {isa = PBXFileReference; fileEncoding = 4; lastKnownFileType = sourcecode.cpp.cpp; path = stc_extract_c.cpp; sourceTree = "<group>"; };
		F4EB5BA81A9A73CE00F0C04C /* stc_extract_c.h */ = {isa = PBXFileReference; fileEncoding = 4; lastKnownFileType = sourcecode.c.h; path = stc_extract_c.h; sourceTree = "<group>"; };
		F4EB5BA91A9A73CF00F0C04C /* stc_ml_c.cpp */ = {isa = PBXFileReference; fileEncoding = 4; lastKnownFileType = sourcecode.cpp.cpp; path = stc_ml_c.cpp; sourceTree = "<group>"; };
		F4EB5BAA1A9A73D000F0C04C /* stc_ml_c.h */ = {isa = PBXFileReference; fileEncoding = 4; lastKnownFileType = sourcecode.c.h; path = stc_ml_c.h; sourceTree = "<group>"; };
		F4EB5BC21A9A73D200F0C04C /* compile.m */ = {isa = PBXFileReference; fileEncoding = 4; lastKnownFileType = sourcecode.c.objc; path = compile.m; sourceTree = "<group>"; };
		F4EB5BC31A9A73D200F0C04C /* cost_model.cpp */ = {isa = PBXFileReference; fileEncoding = 4; lastKnownFileType = sourcecode.cpp.cpp; path = cost_model.cpp; sourceTree = "<group>"; };
		F4EB5BC41A9A73D200F0C04C /* cost_model.h */ = {isa = PBXFileReference; fileEncoding = 4; lastKnownFileType = sourcecode.c.h; path = cost_model.h; sourceTree = "<group>"; };
		F4EB5BC51A9A73D200F0C04C /* cost_model_config.cpp */ = {isa = PBXFileReference; fileEncoding = 4; lastKnownFileType = sourcecode.cpp.cpp; path = cost_model_config.cpp; sourceTree = "<group>"; };
		F4EB5BC61A9A73D200F0C04C /* cost_model_config.h */ = {isa = PBXFileReference; fileEncoding = 4; lastKnownFileType = sourcecode.c.h; path = cost_model_config.h; sourceTree = "<group>"; };
		F4EB5BC71A9A73D200F0C04C /* HUGO_like.cpp */ = {isa = PBXFileReference; fileEncoding = 4; lastKnownFileType = sourcecode.cpp.cpp; path = HUGO_like.cpp; sourceTree = "<group>"; };
		F4EB5BC81A9A73D200F0C04C /* HUGO_like_matlab.cpp */ = {isa = PBXFileReference; fileEncoding = 4; lastKnownFileType = sourcecode.cpp.cpp; path = HUGO_like_matlab.cpp; sourceTree = "<group>"; };
		F4EB5BCB1A9A73D400F0C04C /* 1.pgm */ = {isa = PBXFileReference; fileEncoding = 4; lastKnownFileType = text; path = 1.pgm; sourceTree = "<group>"; };
		F4EB5BCC1A9A73D400F0C04C /* 2.pgm */ = {isa = PBXFileReference; lastKnownFileType = file; path = 2.pgm; sourceTree = "<group>"; };
		F4EB5BCD1A9A73D400F0C04C /* 3.pgm */ = {isa = PBXFileReference; fileEncoding = 4; lastKnownFileType = text; path = 3.pgm; sourceTree = "<group>"; };
		F4EBF96A1A9A729700F0C04C /* Hugo */ = {isa = PBXFileReference; explicitFileType = "compiled.mach-o.executable"; includeInIndex = 0; path = Hugo; sourceTree = BUILT_PRODUCTS_DIR; };
		F4EBF9751A9A733E00F0C04C /* example_default.sh */ = {isa = PBXFileReference; fileEncoding = 4; lastKnownFileType = text.script.sh; path = example_default.sh; sourceTree = "<group>"; };
		F4EBF9761A9A733E00F0C04C /* example_parametrized.sh */ = {isa = PBXFileReference; fileEncoding = 4; lastKnownFileType = text.script.sh; path = example_parametrized.sh; sourceTree = "<group>"; };
		F4EBF9771A9A733E00F0C04C /* HUGO_like */ = {isa = PBXFileReference; lastKnownFileType = "compiled.mach-o.executable"; path = HUGO_like; sourceTree = "<group>"; };
/* End PBXFileReference section */

/* Begin PBXFrameworksBuildPhase section */
		F4EBF9671A9A729700F0C04C /* Frameworks */ = {
			isa = PBXFrameworksBuildPhase;
			buildActionMask = 2147483647;
			files = (
			);
			runOnlyForDeploymentPostprocessing = 0;
		};
/* End PBXFrameworksBuildPhase section */

/* Begin PBXGroup section */
		F4EB5BC11A9A73D200F0C04C /* HUGO_like_src */ = {
			isa = PBXGroup;
			children = (
				F4EB5BC21A9A73D200F0C04C /* compile.m */,
				F4EB5BC31A9A73D200F0C04C /* cost_model.cpp */,
				F4EB5BC41A9A73D200F0C04C /* cost_model.h */,
				F4EB5BC51A9A73D200F0C04C /* cost_model_config.cpp */,
				F4EB5BC61A9A73D200F0C04C /* cost_model_config.h */,
				F4EB5BC71A9A73D200F0C04C /* HUGO_like.cpp */,
				F4EB5BC81A9A73D200F0C04C /* HUGO_like_matlab.cpp */,
			);
			path = HUGO_like_src;
			sourceTree = "<group>";
		};
		F4EB5BC91A9A73D200F0C04C /* images_stego */ = {
			isa = PBXGroup;
			children = (
			);
			path = images_stego;
			sourceTree = "<group>";
		};
		F4EB5BCA1A9A73D300F0C04C /* images_cover */ = {
			isa = PBXGroup;
			children = (
				F4EB5BCB1A9A73D400F0C04C /* 1.pgm */,
				F4EB5BCC1A9A73D400F0C04C /* 2.pgm */,
				F4EB5BCD1A9A73D400F0C04C /* 3.pgm */,
			);
			path = images_cover;
			sourceTree = "<group>";
		};
		F4EBF9611A9A729700F0C04C = {
			isa = PBXGroup;
			children = (
				F4EBF96C1A9A729700F0C04C /* Hugo */,
				F4EBF9741A9A733E00F0C04C /* executable */,
				F4EBF9791A9A733E00F0C04C /* include */,
				F4EB5BC11A9A73D200F0C04C /* HUGO_like_src */,
				F4EB5BC91A9A73D200F0C04C /* images_stego */,
				F4EB5BCA1A9A73D300F0C04C /* images_cover */,
				F4EBF96B1A9A729700F0C04C /* Products */,
			);
			sourceTree = "<group>";
		};
		F4EBF96B1A9A729700F0C04C /* Products */ = {
			isa = PBXGroup;
			children = (
				F4EBF96A1A9A729700F0C04C /* Hugo */,
			);
			name = Products;
			sourceTree = "<group>";
		};
		F4EBF96C1A9A729700F0C04C /* Hugo */ = {
			isa = PBXGroup;
			children = (
			);
			path = Hugo;
			sourceTree = "<group>";
		};
		F4EBF9741A9A733E00F0C04C /* executable */ = {
			isa = PBXGroup;
			children = (
				F4EBF9751A9A733E00F0C04C /* example_default.sh */,
				F4EBF9761A9A733E00F0C04C /* example_parametrized.sh */,
				F4EBF9771A9A733E00F0C04C /* HUGO_like */,
			);
			path = executable;
			sourceTree = "<group>";
		};
		F4EBF9791A9A733E00F0C04C /* include */ = {
			isa = PBXGroup;
			children = (
				F4EB2F3F1A9A738500F0C04C /* base_cost_model.cpp */,
				F4EB2F401A9A738600F0C04C /* base_cost_model.h */,
				F4EB2F411A9A738600F0C04C /* base_cost_model_config.cpp */,
				F4EB2F421A9A738600F0C04C /* base_cost_model_config.h */,
				F4EB5B991A9A73C300F0C04C /* common.cpp */,
				F4EB5B9A1A9A73C400F0C04C /* common.h */,
				F4EB5B9B1A9A73C500F0C04C /* exception.hpp */,
				F4EB5B9C1A9A73C500F0C04C /* fast_math.h */,
				F4EB5B9D1A9A73C600F0C04C /* image.cpp */,
				F4EB5B9E1A9A73C700F0C04C /* image.h */,
				F4EB5B9F1A9A73C700F0C04C /* info_theory.cpp */,
				F4EB5BA01A9A73C800F0C04C /* info_theory.h */,
				F4EB5BA11A9A73C900F0C04C /* mat2D.h */,
				F4EB5BA21A9A73CA00F0C04C /* mi_embedder.cpp */,
				F4EB5BA31A9A73CB00F0C04C /* mi_embedder.h */,
				F4EB5BA41A9A73CB00F0C04C /* sse_mathfun.h */,
				F4EB5BA51A9A73CC00F0C04C /* stc_embed_c.cpp */,
				F4EB5BA61A9A73CD00F0C04C /* stc_embed_c.h */,
				F4EB5BA71A9A73CD00F0C04C /* stc_extract_c.cpp */,
				F4EB5BA81A9A73CE00F0C04C /* stc_extract_c.h */,
				F4EB5BA91A9A73CF00F0C04C /* stc_ml_c.cpp */,
				F4EB5BAA1A9A73D000F0C04C /* stc_ml_c.h */,
			);
			path = include;
			sourceTree = "<group>";
		};
/* End PBXGroup section */

/* Begin PBXNativeTarget section */
		F4EBF9691A9A729700F0C04C /* Hugo */ = {
			isa = PBXNativeTarget;
			buildConfigurationList = F4EBF9711A9A729700F0C04C /* Build configuration list for PBXNativeTarget "Hugo" */;
			buildPhases = (
				F4EBF9661A9A729700F0C04C /* Sources */,
				F4EBF9671A9A729700F0C04C /* Frameworks */,
				F4EBF9681A9A729700F0C04C /* CopyFiles */,
			);
			buildRules = (
			);
			dependencies = (
			);
			name = Hugo;
			productName = Hugo;
			productReference = F4EBF96A1A9A729700F0C04C /* Hugo */;
			productType = "com.apple.product-type.tool";
		};
/* End PBXNativeTarget section */

/* Begin PBXProject section */
		F4EBF9621A9A729700F0C04C /* Project object */ = {
			isa = PBXProject;
			attributes = {
				LastUpgradeCheck = 0610;
				ORGANIZATIONNAME = "Dhaval Miyani";
				TargetAttributes = {
					F4EBF9691A9A729700F0C04C = {
						CreatedOnToolsVersion = 6.1.1;
					};
				};
			};
			buildConfigurationList = F4EBF9651A9A729700F0C04C /* Build configuration list for PBXProject "Hugo" */;
			compatibilityVersion = "Xcode 3.2";
			developmentRegion = English;
			hasScannedForEncodings = 0;
			knownRegions = (
				en,
			);
			mainGroup = F4EBF9611A9A729700F0C04C;
			productRefGroup = F4EBF96B1A9A729700F0C04C /* Products */;
			projectDirPath = "";
			projectRoot = "";
			targets = (
				F4EBF9691A9A729700F0C04C /* Hugo */,
			);
		};
/* End PBXProject section */

/* Begin PBXSourcesBuildPhase section */
		F4EBF9661A9A729700F0C04C /* Sources */ = {
			isa = PBXSourcesBuildPhase;
			buildActionMask = 2147483647;
			files = (
				F4EB5BD41A9A73D600F0C04C /* stc_embed_c.cpp in Sources */,
				F4EB5BD01A9A73D600F0C04C /* common.cpp in Sources */,
				F4EB5BD21A9A73D600F0C04C /* info_theory.cpp in Sources */,
				F4EB5BE91A9A73D600F0C04C /* HUGO_like_matlab.cpp in Sources */,
				F4EB5BD31A9A73D600F0C04C /* mi_embedder.cpp in Sources */,
				F4EB5BD61A9A73D600F0C04C /* stc_ml_c.cpp in Sources */,
				F4EB5BE71A9A73D600F0C04C /* cost_model_config.cpp in Sources */,
				F4EB5BD11A9A73D600F0C04C /* image.cpp in Sources */,
				F4EB5BD51A9A73D600F0C04C /* stc_extract_c.cpp in Sources */,
				F4EB5BCE1A9A73D500F0C04C /* base_cost_model.cpp in Sources */,
				F4EB5BE61A9A73D600F0C04C /* cost_model.cpp in Sources */,
				F4EB5BE81A9A73D600F0C04C /* HUGO_like.cpp in Sources */,
				F4EB5BCF1A9A73D500F0C04C /* base_cost_model_config.cpp in Sources */,
			);
			runOnlyForDeploymentPostprocessing = 0;
		};
/* End PBXSourcesBuildPhase section */

/* Begin XCBuildConfiguration section */
		F4EBF96F1A9A729700F0C04C /* Debug */ = {
			isa = XCBuildConfiguration;
			buildSettings = {
				ALWAYS_SEARCH_USER_PATHS = NO;
				CLANG_CXX_LANGUAGE_STANDARD = "gnu++0x";
				CLANG_CXX_LIBRARY = "libc++";
				CLANG_ENABLE_MODULES = YES;
				CLANG_ENABLE_OBJC_ARC = YES;
				CLANG_WARN_BOOL_CONVERSION = YES;
				CLANG_WARN_CONSTANT_CONVERSION = YES;
				CLANG_WARN_DIRECT_OBJC_ISA_USAGE = YES_ERROR;
				CLANG_WARN_EMPTY_BODY = YES;
				CLANG_WARN_ENUM_CONVERSION = YES;
				CLANG_WARN_INT_CONVERSION = YES;
				CLANG_WARN_OBJC_ROOT_CLASS = YES_ERROR;
				CLANG_WARN_UNREACHABLE_CODE = YES;
				CLANG_WARN__DUPLICATE_METHOD_MATCH = YES;
				COPY_PHASE_STRIP = NO;
				ENABLE_STRICT_OBJC_MSGSEND = YES;
				GCC_C_LANGUAGE_STANDARD = gnu99;
				GCC_DYNAMIC_NO_PIC = NO;
				GCC_OPTIMIZATION_LEVEL = 0;
				GCC_PREPROCESSOR_DEFINITIONS = (
					"DEBUG=1",
					"$(inherited)",
				);
				GCC_SYMBOLS_PRIVATE_EXTERN = NO;
				GCC_WARN_64_TO_32_BIT_CONVERSION = YES;
				GCC_WARN_ABOUT_RETURN_TYPE = YES_ERROR;
				GCC_WARN_UNDECLARED_SELECTOR = YES;
				GCC_WARN_UNINITIALIZED_AUTOS = YES_AGGRESSIVE;
				GCC_WARN_UNUSED_FUNCTION = YES;
				GCC_WARN_UNUSED_VARIABLE = YES;
				MACOSX_DEPLOYMENT_TARGET = 10.10;
				MTL_ENABLE_DEBUG_INFO = YES;
				ONLY_ACTIVE_ARCH = YES;
				SDKROOT = macosx;
			};
			name = Debug;
		};
		F4EBF9701A9A729700F0C04C /* Release */ = {
			isa = XCBuildConfiguration;
			buildSettings = {
				ALWAYS_SEARCH_USER_PATHS = NO;
				CLANG_CXX_LANGUAGE_STANDARD = "gnu++0x";
				CLANG_CXX_LIBRARY = "libc++";
				CLANG_ENABLE_MODULES = YES;
				CLANG_ENABLE_OBJC_ARC = YES;
				CLANG_WARN_BOOL_CONVERSION = YES;
				CLANG_WARN_CONSTANT_CONVERSION = YES;
				CLANG_WARN_DIRECT_OBJC_ISA_USAGE = YES_ERROR;
				CLANG_WARN_EMPTY_BODY = YES;
				CLANG_WARN_ENUM_CONVERSION = YES;
				CLANG_WARN_INT_CONVERSION = YES;
				CLANG_WARN_OBJC_ROOT_CLASS = YES_ERROR;
				CLANG_WARN_UNREACHABLE_CODE = YES;
				CLANG_WARN__DUPLICATE_METHOD_MATCH = YES;
				COPY_PHASE_STRIP = YES;
				DEBUG_INFORMATION_FORMAT = "dwarf-with-dsym";
				ENABLE_NS_ASSERTIONS = NO;
				ENABLE_STRICT_OBJC_MSGSEND = YES;
				GCC_C_LANGUAGE_STANDARD = gnu99;
				GCC_WARN_64_TO_32_BIT_CONVERSION = YES;
				GCC_WARN_ABOUT_RETURN_TYPE = YES_ERROR;
				GCC_WARN_UNDECLARED_SELECTOR = YES;
				GCC_WARN_UNINITIALIZED_AUTOS = YES_AGGRESSIVE;
				GCC_WARN_UNUSED_FUNCTION = YES;
				GCC_WARN_UNUSED_VARIABLE = YES;
				MACOSX_DEPLOYMENT_TARGET = 10.10;
				MTL_ENABLE_DEBUG_INFO = NO;
				SDKROOT = macosx;
			};
			name = Release;
		};
		F4EBF9721A9A729700F0C04C /* Debug */ = {
			isa = XCBuildConfiguration;
			buildSettings = {
				HEADER_SEARCH_PATHS = (
					"$(inherited)",
					/opt/local/include/boost/random,
					/opt/local/include/boost,
					/Applications/Xcode.app/Contents/Developer/Toolchains/XcodeDefault.xctoolchain/usr/include,
					/opt/local/include/boost/program_options,
				);
				LIBRARY_SEARCH_PATHS = (
					"$(inherited)",
					/opt/local/lib,
				);
				PRODUCT_NAME = "$(TARGET_NAME)";
			};
			name = Debug;
		};
		F4EBF9731A9A729700F0C04C /* Release */ = {
			isa = XCBuildConfiguration;
			buildSettings = {
				HEADER_SEARCH_PATHS = (
					"$(inherited)",
					/opt/local/include/boost/random,
					/opt/local/include/boost,
					/Applications/Xcode.app/Contents/Developer/Toolchains/XcodeDefault.xctoolchain/usr/include,
					/opt/local/include/boost/program_options,
				);
				LIBRARY_SEARCH_PATHS = (
					"$(inherited)",
					/opt/local/lib,
				);
				PRODUCT_NAME = "$(TARGET_NAME)";
			};
			name = Release;
		};
/* End XCBuildConfiguration section */

/* Begin XCConfigurationList section */
		F4EBF9651A9A729700F0C04C /* Build configuration list for PBXProject "Hugo" */ = {
			isa = XCConfigurationList;
			buildConfigurations = (
				F4EBF96F1A9A729700F0C04C /* Debug */,
				F4EBF9701A9A729700F0C04C /* Release */,
			);
			defaultConfigurationIsVisible = 0;
			defaultConfigurationName = Release;
		};
		F4EBF9711A9A729700F0C04C /* Build configuration list for PBXNativeTarget "Hugo" */ = {
			isa = XCConfigurationList;
			buildConfigurations = (
				F4EBF9721A9A729700F0C04C /* Debug */,
				F4EBF9731A9A729700F0C04C /* Release */,
			);
			defaultConfigurationIsVisible = 0;
			defaultConfigurationName = Release;
		};
/* End XCConfigurationList section */
	};
	rootObject = F4EBF9621A9A729700F0C04C /* Project object */;
}
