// !$*UTF8*$!
{
	archiveVersion = 1;
	classes = {
	};
	objectVersion = 46;
	objects = {

/* Begin PBXBuildFile section */
		F45B76A21AAA96AE008DC071 /* base_cost_model.cpp in Sources */ = {isa = PBXBuildFile; fileRef = F45B4A2E1AAA9680008DC071 /* base_cost_model.cpp */; };
		F45B76A31AAA96AE008DC071 /* base_cost_model_config.cpp in Sources */ = {isa = PBXBuildFile; fileRef = F45B4A301AAA9680008DC071 /* base_cost_model_config.cpp */; };
		F45B76A41AAA96AF008DC071 /* common.cpp in Sources */ = {isa = PBXBuildFile; fileRef = F45B76881AAA96A9008DC071 /* common.cpp */; };
		F45B76A51AAA96AF008DC071 /* image.cpp in Sources */ = {isa = PBXBuildFile; fileRef = F45B768C1AAA96AA008DC071 /* image.cpp */; };
		F45B76A61AAA96AF008DC071 /* info_theory.cpp in Sources */ = {isa = PBXBuildFile; fileRef = F45B768E1AAA96AB008DC071 /* info_theory.cpp */; };
		F45B76A71AAA96AF008DC071 /* mi_embedder.cpp in Sources */ = {isa = PBXBuildFile; fileRef = F45B76911AAA96AB008DC071 /* mi_embedder.cpp */; };
		F45B76A81AAA96AF008DC071 /* stc_embed_c.cpp in Sources */ = {isa = PBXBuildFile; fileRef = F45B76941AAA96AC008DC071 /* stc_embed_c.cpp */; };
		F45B76A91AAA96AF008DC071 /* stc_extract_c.cpp in Sources */ = {isa = PBXBuildFile; fileRef = F45B76961AAA96AD008DC071 /* stc_extract_c.cpp */; };
		F45B76AA1AAA96AF008DC071 /* stc_ml_c.cpp in Sources */ = {isa = PBXBuildFile; fileRef = F45B76981AAA96AD008DC071 /* stc_ml_c.cpp */; };
		F45B76AC1AAA96AF008DC071 /* cost_model.cpp in Sources */ = {isa = PBXBuildFile; fileRef = F45B769C1AAA96AE008DC071 /* cost_model.cpp */; };
		F45B76AD1AAA96AF008DC071 /* cost_model_config.cpp in Sources */ = {isa = PBXBuildFile; fileRef = F45B769E1AAA96AE008DC071 /* cost_model_config.cpp */; };
		F45B76AE1AAA96AF008DC071 /* HUGO_like.cpp in Sources */ = {isa = PBXBuildFile; fileRef = F45B76A01AAA96AE008DC071 /* HUGO_like.cpp */; };
		F4C49B8A1AB88D85002E1B35 /* CoreFoundation.framework in Frameworks */ = {isa = PBXBuildFile; fileRef = F4C49B891AB88D85002E1B35 /* CoreFoundation.framework */; };
/* End PBXBuildFile section */

/* Begin PBXCopyFilesBuildPhase section */
		F45B4A211AAA9639008DC071 /* CopyFiles */ = {
			isa = PBXCopyFilesBuildPhase;
			buildActionMask = 2147483647;
			dstPath = /usr/share/man/man1/;
			dstSubfolderSpec = 0;
			files = (
			);
			runOnlyForDeploymentPostprocessing = 1;
		};
/* End PBXCopyFilesBuildPhase section */

/* Begin PBXFileReference section */
		F45B4A231AAA9639008DC071 /* HUGOSim */ = {isa = PBXFileReference; explicitFileType = "compiled.mach-o.executable"; includeInIndex = 0; path = HUGOSim; sourceTree = BUILT_PRODUCTS_DIR; };
		F45B4A2E1AAA9680008DC071 /* base_cost_model.cpp */ = {isa = PBXFileReference; fileEncoding = 4; lastKnownFileType = sourcecode.cpp.cpp; path = base_cost_model.cpp; sourceTree = "<group>"; };
		F45B4A2F1AAA9680008DC071 /* base_cost_model.h */ = {isa = PBXFileReference; fileEncoding = 4; lastKnownFileType = sourcecode.c.h; path = base_cost_model.h; sourceTree = "<group>"; };
		F45B4A301AAA9680008DC071 /* base_cost_model_config.cpp */ = {isa = PBXFileReference; fileEncoding = 4; lastKnownFileType = sourcecode.cpp.cpp; path = base_cost_model_config.cpp; sourceTree = "<group>"; };
		F45B4A311AAA9680008DC071 /* base_cost_model_config.h */ = {isa = PBXFileReference; fileEncoding = 4; lastKnownFileType = sourcecode.c.h; path = base_cost_model_config.h; sourceTree = "<group>"; };
		F45B76881AAA96A9008DC071 /* common.cpp */ = {isa = PBXFileReference; fileEncoding = 4; lastKnownFileType = sourcecode.cpp.cpp; path = common.cpp; sourceTree = "<group>"; };
		F45B76891AAA96AA008DC071 /* common.h */ = {isa = PBXFileReference; fileEncoding = 4; lastKnownFileType = sourcecode.c.h; path = common.h; sourceTree = "<group>"; };
		F45B768A1AAA96AA008DC071 /* exception.hpp */ = {isa = PBXFileReference; fileEncoding = 4; lastKnownFileType = sourcecode.cpp.h; path = exception.hpp; sourceTree = "<group>"; };
		F45B768B1AAA96AA008DC071 /* fast_math.h */ = {isa = PBXFileReference; fileEncoding = 4; lastKnownFileType = sourcecode.c.h; path = fast_math.h; sourceTree = "<group>"; };
		F45B768C1AAA96AA008DC071 /* image.cpp */ = {isa = PBXFileReference; fileEncoding = 4; lastKnownFileType = sourcecode.cpp.cpp; path = image.cpp; sourceTree = "<group>"; };
		F45B768D1AAA96AB008DC071 /* image.h */ = {isa = PBXFileReference; fileEncoding = 4; lastKnownFileType = sourcecode.c.h; path = image.h; sourceTree = "<group>"; };
		F45B768E1AAA96AB008DC071 /* info_theory.cpp */ = {isa = PBXFileReference; fileEncoding = 4; lastKnownFileType = sourcecode.cpp.cpp; path = info_theory.cpp; sourceTree = "<group>"; };
		F45B768F1AAA96AB008DC071 /* info_theory.h */ = {isa = PBXFileReference; fileEncoding = 4; lastKnownFileType = sourcecode.c.h; path = info_theory.h; sourceTree = "<group>"; };
		F45B76901AAA96AB008DC071 /* mat2D.h */ = {isa = PBXFileReference; fileEncoding = 4; lastKnownFileType = sourcecode.c.h; path = mat2D.h; sourceTree = "<group>"; };
		F45B76911AAA96AB008DC071 /* mi_embedder.cpp */ = {isa = PBXFileReference; fileEncoding = 4; lastKnownFileType = sourcecode.cpp.cpp; path = mi_embedder.cpp; sourceTree = "<group>"; };
		F45B76921AAA96AC008DC071 /* mi_embedder.h */ = {isa = PBXFileReference; fileEncoding = 4; lastKnownFileType = sourcecode.c.h; path = mi_embedder.h; sourceTree = "<group>"; };
		F45B76931AAA96AC008DC071 /* sse_mathfun.h */ = {isa = PBXFileReference; fileEncoding = 4; lastKnownFileType = sourcecode.c.h; path = sse_mathfun.h; sourceTree = "<group>"; };
		F45B76941AAA96AC008DC071 /* stc_embed_c.cpp */ = {isa = PBXFileReference; fileEncoding = 4; lastKnownFileType = sourcecode.cpp.cpp; path = stc_embed_c.cpp; sourceTree = "<group>"; };
		F45B76951AAA96AC008DC071 /* stc_embed_c.h */ = {isa = PBXFileReference; fileEncoding = 4; lastKnownFileType = sourcecode.c.h; path = stc_embed_c.h; sourceTree = "<group>"; };
		F45B76961AAA96AD008DC071 /* stc_extract_c.cpp */ = {isa = PBXFileReference; fileEncoding = 4; lastKnownFileType = sourcecode.cpp.cpp; path = stc_extract_c.cpp; sourceTree = "<group>"; };
		F45B76971AAA96AD008DC071 /* stc_extract_c.h */ = {isa = PBXFileReference; fileEncoding = 4; lastKnownFileType = sourcecode.c.h; path = stc_extract_c.h; sourceTree = "<group>"; };
		F45B76981AAA96AD008DC071 /* stc_ml_c.cpp */ = {isa = PBXFileReference; fileEncoding = 4; lastKnownFileType = sourcecode.cpp.cpp; path = stc_ml_c.cpp; sourceTree = "<group>"; };
		F45B76991AAA96AD008DC071 /* stc_ml_c.h */ = {isa = PBXFileReference; fileEncoding = 4; lastKnownFileType = sourcecode.c.h; path = stc_ml_c.h; sourceTree = "<group>"; };
		F45B769B1AAA96AE008DC071 /* compile.m */ = {isa = PBXFileReference; fileEncoding = 4; lastKnownFileType = sourcecode.c.objc; path = compile.m; sourceTree = "<group>"; };
		F45B769C1AAA96AE008DC071 /* cost_model.cpp */ = {isa = PBXFileReference; fileEncoding = 4; lastKnownFileType = sourcecode.cpp.cpp; path = cost_model.cpp; sourceTree = "<group>"; };
		F45B769D1AAA96AE008DC071 /* cost_model.h */ = {isa = PBXFileReference; fileEncoding = 4; lastKnownFileType = sourcecode.c.h; path = cost_model.h; sourceTree = "<group>"; };
		F45B769E1AAA96AE008DC071 /* cost_model_config.cpp */ = {isa = PBXFileReference; fileEncoding = 4; lastKnownFileType = sourcecode.cpp.cpp; path = cost_model_config.cpp; sourceTree = "<group>"; };
		F45B769F1AAA96AE008DC071 /* cost_model_config.h */ = {isa = PBXFileReference; fileEncoding = 4; lastKnownFileType = sourcecode.c.h; path = cost_model_config.h; sourceTree = "<group>"; };
		F45B76A01AAA96AE008DC071 /* HUGO_like.cpp */ = {isa = PBXFileReference; fileEncoding = 4; lastKnownFileType = sourcecode.cpp.cpp; path = HUGO_like.cpp; sourceTree = "<group>"; };
		F4C49B891AB88D85002E1B35 /* CoreFoundation.framework */ = {isa = PBXFileReference; lastKnownFileType = wrapper.framework; name = CoreFoundation.framework; path = System/Library/Frameworks/CoreFoundation.framework; sourceTree = SDKROOT; };
		F4C49B8B1AB9208F002E1B35 /* HUGO_like.h */ = {isa = PBXFileReference; fileEncoding = 4; lastKnownFileType = sourcecode.c.h; path = HUGO_like.h; sourceTree = "<group>"; };
/* End PBXFileReference section */

/* Begin PBXFrameworksBuildPhase section */
		F45B4A201AAA9639008DC071 /* Frameworks */ = {
			isa = PBXFrameworksBuildPhase;
			buildActionMask = 2147483647;
			files = (
				F4C49B8A1AB88D85002E1B35 /* CoreFoundation.framework in Frameworks */,
			);
			runOnlyForDeploymentPostprocessing = 0;
		};
/* End PBXFrameworksBuildPhase section */

/* Begin PBXGroup section */
		F45B4A1A1AAA9639008DC071 = {
			isa = PBXGroup;
			children = (
				F4C49B891AB88D85002E1B35 /* CoreFoundation.framework */,
				F45B4A2D1AAA9680008DC071 /* include */,
				F45B769A1AAA96AE008DC071 /* HUGO_like_src */,
				F45B4A251AAA9639008DC071 /* HUGOSim */,
				F45B4A241AAA9639008DC071 /* Products */,
			);
			sourceTree = "<group>";
		};
		F45B4A241AAA9639008DC071 /* Products */ = {
			isa = PBXGroup;
			children = (
				F45B4A231AAA9639008DC071 /* HUGOSim */,
			);
			name = Products;
			sourceTree = "<group>";
		};
		F45B4A251AAA9639008DC071 /* HUGOSim */ = {
			isa = PBXGroup;
			children = (
			);
			path = HUGOSim;
			sourceTree = "<group>";
		};
		F45B4A2D1AAA9680008DC071 /* include */ = {
			isa = PBXGroup;
			children = (
				F4C49B8B1AB9208F002E1B35 /* HUGO_like.h */,
				F45B4A2E1AAA9680008DC071 /* base_cost_model.cpp */,
				F45B4A2F1AAA9680008DC071 /* base_cost_model.h */,
				F45B4A301AAA9680008DC071 /* base_cost_model_config.cpp */,
				F45B4A311AAA9680008DC071 /* base_cost_model_config.h */,
				F45B76881AAA96A9008DC071 /* common.cpp */,
				F45B76891AAA96AA008DC071 /* common.h */,
				F45B768A1AAA96AA008DC071 /* exception.hpp */,
				F45B768B1AAA96AA008DC071 /* fast_math.h */,
				F45B768C1AAA96AA008DC071 /* image.cpp */,
				F45B768D1AAA96AB008DC071 /* image.h */,
				F45B768E1AAA96AB008DC071 /* info_theory.cpp */,
				F45B768F1AAA96AB008DC071 /* info_theory.h */,
				F45B76901AAA96AB008DC071 /* mat2D.h */,
				F45B76911AAA96AB008DC071 /* mi_embedder.cpp */,
				F45B76921AAA96AC008DC071 /* mi_embedder.h */,
				F45B76931AAA96AC008DC071 /* sse_mathfun.h */,
				F45B76941AAA96AC008DC071 /* stc_embed_c.cpp */,
				F45B76951AAA96AC008DC071 /* stc_embed_c.h */,
				F45B76961AAA96AD008DC071 /* stc_extract_c.cpp */,
				F45B76971AAA96AD008DC071 /* stc_extract_c.h */,
				F45B76981AAA96AD008DC071 /* stc_ml_c.cpp */,
				F45B76991AAA96AD008DC071 /* stc_ml_c.h */,
			);
			name = include;
			path = ../include;
			sourceTree = "<group>";
		};
		F45B769A1AAA96AE008DC071 /* HUGO_like_src */ = {
			isa = PBXGroup;
			children = (
				F45B769B1AAA96AE008DC071 /* compile.m */,
				F45B769C1AAA96AE008DC071 /* cost_model.cpp */,
				F45B769D1AAA96AE008DC071 /* cost_model.h */,
				F45B769E1AAA96AE008DC071 /* cost_model_config.cpp */,
				F45B769F1AAA96AE008DC071 /* cost_model_config.h */,
				F45B76A01AAA96AE008DC071 /* HUGO_like.cpp */,
			);
			name = HUGO_like_src;
			path = ../HUGO_like_src;
			sourceTree = "<group>";
		};
/* End PBXGroup section */

/* Begin PBXNativeTarget section */
		F45B4A221AAA9639008DC071 /* HUGOSim */ = {
			isa = PBXNativeTarget;
			buildConfigurationList = F45B4A2A1AAA9639008DC071 /* Build configuration list for PBXNativeTarget "HUGOSim" */;
			buildPhases = (
				F45B4A1F1AAA9639008DC071 /* Sources */,
				F45B4A201AAA9639008DC071 /* Frameworks */,
				F45B4A211AAA9639008DC071 /* CopyFiles */,
			);
			buildRules = (
			);
			dependencies = (
			);
			name = HUGOSim;
			productName = HUGOSim;
			productReference = F45B4A231AAA9639008DC071 /* HUGOSim */;
			productType = "com.apple.product-type.tool";
		};
/* End PBXNativeTarget section */

/* Begin PBXProject section */
		F45B4A1B1AAA9639008DC071 /* Project object */ = {
			isa = PBXProject;
			attributes = {
				LastUpgradeCheck = 0610;
				ORGANIZATIONNAME = "Dhaval Miyani";
				TargetAttributes = {
					F45B4A221AAA9639008DC071 = {
						CreatedOnToolsVersion = 6.1.1;
					};
				};
			};
			buildConfigurationList = F45B4A1E1AAA9639008DC071 /* Build configuration list for PBXProject "HUGOSim" */;
			compatibilityVersion = "Xcode 3.2";
			developmentRegion = English;
			hasScannedForEncodings = 0;
			knownRegions = (
				en,
			);
			mainGroup = F45B4A1A1AAA9639008DC071;
			productRefGroup = F45B4A241AAA9639008DC071 /* Products */;
			projectDirPath = "";
			projectRoot = "";
			targets = (
				F45B4A221AAA9639008DC071 /* HUGOSim */,
			);
		};
/* End PBXProject section */

/* Begin PBXSourcesBuildPhase section */
		F45B4A1F1AAA9639008DC071 /* Sources */ = {
			isa = PBXSourcesBuildPhase;
			buildActionMask = 2147483647;
			files = (
				F45B76AC1AAA96AF008DC071 /* cost_model.cpp in Sources */,
				F45B76A81AAA96AF008DC071 /* stc_embed_c.cpp in Sources */,
				F45B76A41AAA96AF008DC071 /* common.cpp in Sources */,
				F45B76A61AAA96AF008DC071 /* info_theory.cpp in Sources */,
				F45B76AE1AAA96AF008DC071 /* HUGO_like.cpp in Sources */,
				F45B76A71AAA96AF008DC071 /* mi_embedder.cpp in Sources */,
				F45B76AA1AAA96AF008DC071 /* stc_ml_c.cpp in Sources */,
				F45B76AD1AAA96AF008DC071 /* cost_model_config.cpp in Sources */,
				F45B76A51AAA96AF008DC071 /* image.cpp in Sources */,
				F45B76A91AAA96AF008DC071 /* stc_extract_c.cpp in Sources */,
				F45B76A21AAA96AE008DC071 /* base_cost_model.cpp in Sources */,
				F45B76A31AAA96AE008DC071 /* base_cost_model_config.cpp in Sources */,
			);
			runOnlyForDeploymentPostprocessing = 0;
		};
/* End PBXSourcesBuildPhase section */

/* Begin XCBuildConfiguration section */
		F45B4A281AAA9639008DC071 /* Debug */ = {
			isa = XCBuildConfiguration;
			buildSettings = {
				ALWAYS_SEARCH_USER_PATHS = NO;
				CLANG_CXX_LANGUAGE_STANDARD = "gnu++0x";
				CLANG_CXX_LIBRARY = "libc++";
				CLANG_ENABLE_MODULES = YES;
				CLANG_ENABLE_OBJC_ARC = YES;
				CLANG_WARN_BOOL_CONVERSION = YES;
				CLANG_WARN_CONSTANT_CONVERSION = YES;
				CLANG_WARN_DIRECT_OBJC_ISA_USAGE = YES_ERROR;
				CLANG_WARN_EMPTY_BODY = YES;
				CLANG_WARN_ENUM_CONVERSION = YES;
				CLANG_WARN_INT_CONVERSION = YES;
				CLANG_WARN_OBJC_ROOT_CLASS = YES_ERROR;
				CLANG_WARN_UNREACHABLE_CODE = YES;
				CLANG_WARN__DUPLICATE_METHOD_MATCH = YES;
				COPY_PHASE_STRIP = NO;
				ENABLE_STRICT_OBJC_MSGSEND = YES;
				GCC_C_LANGUAGE_STANDARD = gnu99;
				GCC_DYNAMIC_NO_PIC = NO;
				GCC_OPTIMIZATION_LEVEL = 0;
				GCC_PREPROCESSOR_DEFINITIONS = (
					"DEBUG=1",
					"$(inherited)",
				);
				GCC_SYMBOLS_PRIVATE_EXTERN = NO;
				GCC_WARN_64_TO_32_BIT_CONVERSION = YES;
				GCC_WARN_ABOUT_RETURN_TYPE = YES_ERROR;
				GCC_WARN_UNDECLARED_SELECTOR = YES;
				GCC_WARN_UNINITIALIZED_AUTOS = YES_AGGRESSIVE;
				GCC_WARN_UNUSED_FUNCTION = YES;
				GCC_WARN_UNUSED_VARIABLE = YES;
				MACOSX_DEPLOYMENT_TARGET = 10.10;
				MTL_ENABLE_DEBUG_INFO = YES;
				ONLY_ACTIVE_ARCH = YES;
				SDKROOT = macosx;
			};
			name = Debug;
		};
		F45B4A291AAA9639008DC071 /* Release */ = {
			isa = XCBuildConfiguration;
			buildSettings = {
				ALWAYS_SEARCH_USER_PATHS = NO;
				CLANG_CXX_LANGUAGE_STANDARD = "gnu++0x";
				CLANG_CXX_LIBRARY = "libc++";
				CLANG_ENABLE_MODULES = YES;
				CLANG_ENABLE_OBJC_ARC = YES;
				CLANG_WARN_BOOL_CONVERSION = YES;
				CLANG_WARN_CONSTANT_CONVERSION = YES;
				CLANG_WARN_DIRECT_OBJC_ISA_USAGE = YES_ERROR;
				CLANG_WARN_EMPTY_BODY = YES;
				CLANG_WARN_ENUM_CONVERSION = YES;
				CLANG_WARN_INT_CONVERSION = YES;
				CLANG_WARN_OBJC_ROOT_CLASS = YES_ERROR;
				CLANG_WARN_UNREACHABLE_CODE = YES;
				CLANG_WARN__DUPLICATE_METHOD_MATCH = YES;
				COPY_PHASE_STRIP = YES;
				DEBUG_INFORMATION_FORMAT = "dwarf-with-dsym";
				ENABLE_NS_ASSERTIONS = NO;
				ENABLE_STRICT_OBJC_MSGSEND = YES;
				GCC_C_LANGUAGE_STANDARD = gnu99;
				GCC_WARN_64_TO_32_BIT_CONVERSION = YES;
				GCC_WARN_ABOUT_RETURN_TYPE = YES_ERROR;
				GCC_WARN_UNDECLARED_SELECTOR = YES;
				GCC_WARN_UNINITIALIZED_AUTOS = YES_AGGRESSIVE;
				GCC_WARN_UNUSED_FUNCTION = YES;
				GCC_WARN_UNUSED_VARIABLE = YES;
				MACOSX_DEPLOYMENT_TARGET = 10.10;
				MTL_ENABLE_DEBUG_INFO = NO;
				SDKROOT = macosx;
			};
			name = Release;
		};
		F45B4A2B1AAA9639008DC071 /* Debug */ = {
			isa = XCBuildConfiguration;
			buildSettings = {
				PRODUCT_NAME = "$(TARGET_NAME)";
			};
			name = Debug;
		};
		F45B4A2C1AAA9639008DC071 /* Release */ = {
			isa = XCBuildConfiguration;
			buildSettings = {
				PRODUCT_NAME = "$(TARGET_NAME)";
			};
			name = Release;
		};
/* End XCBuildConfiguration section */

/* Begin XCConfigurationList section */
		F45B4A1E1AAA9639008DC071 /* Build configuration list for PBXProject "HUGOSim" */ = {
			isa = XCConfigurationList;
			buildConfigurations = (
				F45B4A281AAA9639008DC071 /* Debug */,
				F45B4A291AAA9639008DC071 /* Release */,
			);
			defaultConfigurationIsVisible = 0;
			defaultConfigurationName = Release;
		};
		F45B4A2A1AAA9639008DC071 /* Build configuration list for PBXNativeTarget "HUGOSim" */ = {
			isa = XCConfigurationList;
			buildConfigurations = (
				F45B4A2B1AAA9639008DC071 /* Debug */,
				F45B4A2C1AAA9639008DC071 /* Release */,
			);
			defaultConfigurationIsVisible = 0;
			defaultConfigurationName = Release;
		};
/* End XCConfigurationList section */
	};
	rootObject = F45B4A1B1AAA9639008DC071 /* Project object */;
}
